
Microsoft Visual Studio Solution File, Format Version 12.00
# Visual Studio 15
Project("{FAE04EC0-301F-11D3-BF4B-00C04F79EFBC}") = "UnityEngine.UI", "UnityEngine.UI.csproj", "{8E769CC5-71E3-1D50-1CD9-1CBB76AF6009}"
EndProject
Project("{FAE04EC0-301F-11D3-BF4B-00C04F79EFBC}") = "UnityEngine.TestRunner", "UnityEngine.TestRunner.csproj", "{B2A5BB08-0ACB-79AD-9568-48A5D82A8FB5}"
EndProject
Project("{FAE04EC0-301F-11D3-BF4B-00C04F79EFBC}") = "Assembly-CSharp", "Assembly-CSharp.csproj", "{42A05362-59D5-897A-4944-B409B83CA519}"
EndProject
Project("{FAE04EC0-301F-11D3-BF4B-00C04F79EFBC}") = "Unity.Timeline", "Unity.Timeline.csproj", "{77DCF572-3F24-7562-1743-94F62DD5770B}"
EndProject
Project("{FAE04EC0-301F-11D3-BF4B-00C04F79EFBC}") = "Unity.TextMeshPro", "Unity.TextMeshPro.csproj", "{FAB0F744-3C64-0F65-B627-61D162BC650C}"
EndProject
Project("{FAE04EC0-301F-11D3-BF4B-00C04F79EFBC}") = "UnityEditor.TestRunner", "UnityEditor.TestRunner.csproj", "{C4880D4E-28DE-9E0A-FB9B-1B41400B6C6F}"
EndProject
Project("{FAE04EC0-301F-11D3-BF4B-00C04F79EFBC}") = "Unity.PlasticSCM.Editor", "Unity.PlasticSCM.Editor.csproj", "{C5884BE9-20A6-7279-B80A-471FE9029933}"
EndProject
Project("{FAE04EC0-301F-11D3-BF4B-00C04F79EFBC}") = "UnityEditor.UI", "UnityEditor.UI.csproj", "{A34F82F0-4524-EFE7-2526-F033446BC74C}"
EndProject
Project("{FAE04EC0-301F-11D3-BF4B-00C04F79EFBC}") = "Unity.Timeline.Editor", "Unity.Timeline.Editor.csproj", "{6E6A68CA-EB0E-BFB2-E939-88085C4BC319}"
EndProject
Project("{FAE04EC0-301F-11D3-BF4B-00C04F79EFBC}") = "Unity.VisualStudio.Editor", "Unity.VisualStudio.Editor.csproj", "{4648B170-A92A-8DF1-21CC-B934A65D00D8}"
EndProject
Project("{FAE04EC0-301F-11D3-BF4B-00C04F79EFBC}") = "Unity.TextMeshPro.Editor", "Unity.TextMeshPro.Editor.csproj", "{1585C9F8-8FE8-F281-4E38-C9240FF5DCD2}"
EndProject
Project("{FAE04EC0-301F-11D3-BF4B-00C04F79EFBC}") = "Unity.CollabProxy.Editor", "Unity.CollabProxy.Editor.csproj", "{289DC528-AE8E-67B8-189D-627EEAE64085}"
EndProject
Project("{FAE04EC0-301F-11D3-BF4B-00C04F79EFBC}") = "Unity.Rider.Editor", "Unity.Rider.Editor.csproj", "{54104BC2-4C10-6A68-AB60-F34F8C52AE53}"
EndProject
Project("{FAE04EC0-301F-11D3-BF4B-00C04F79EFBC}") = "Unity.VSCode.Editor", "Unity.VSCode.Editor.csproj", "{E25B2D82-488E-ABB3-FDC3-846D3955055B}"
EndProject
Project("{FAE04EC0-301F-11D3-BF4B-00C04F79EFBC}") = "UnityEngine.UI", "UnityEngine.UI.Player.csproj", "{82EBCC6E-843E-56A0-B8D0-BEAAC2B9AA07}"
EndProject
Project("{FAE04EC0-301F-11D3-BF4B-00C04F79EFBC}") = "UnityEngine.TestRunner", "UnityEngine.TestRunner.Player.csproj", "{BD6FE24F-2EB1-E368-2F40-A2CA243EC89C}"
EndProject
Project("{FAE04EC0-301F-11D3-BF4B-00C04F79EFBC}") = "Assembly-CSharp", "Assembly-CSharp.Player.csproj", "{F607F140-85C8-5081-32E1-61A918DD3369}"
EndProject
Project("{FAE04EC0-301F-11D3-BF4B-00C04F79EFBC}") = "Unity.Timeline", "Unity.Timeline.Player.csproj", "{2E251679-8D83-427E-3CAD-1333010C15D9}"
EndProject
Project("{FAE04EC0-301F-11D3-BF4B-00C04F79EFBC}") = "Unity.TextMeshPro", "Unity.TextMeshPro.Player.csproj", "{4158E254-D3F0-7555-ED7D-45F5B2954849}"
EndProject
Global
	GlobalSection(SolutionConfigurationPlatforms) = preSolution
		Debug|Any CPU = Debug|Any CPU
		Release|Any CPU = Release|Any CPU
	EndGlobalSection
	GlobalSection(ProjectConfigurationPlatforms) = postSolution
		{8E769CC5-71E3-1D50-1CD9-1CBB76AF6009}.Debug|Any CPU.ActiveCfg = Debug|Any CPU
		{8E769CC5-71E3-1D50-1CD9-1CBB76AF6009}.Debug|Any CPU.Build.0 = Debug|Any CPU
		{8E769CC5-71E3-1D50-1CD9-1CBB76AF6009}.Release|Any CPU.ActiveCfg = Release|Any CPU
		{8E769CC5-71E3-1D50-1CD9-1CBB76AF6009}.Release|Any CPU.Build.0 = Release|Any CPU
		{B2A5BB08-0ACB-79AD-9568-48A5D82A8FB5}.Debug|Any CPU.ActiveCfg = Debug|Any CPU
		{B2A5BB08-0ACB-79AD-9568-48A5D82A8FB5}.Debug|Any CPU.Build.0 = Debug|Any CPU
		{B2A5BB08-0ACB-79AD-9568-48A5D82A8FB5}.Release|Any CPU.ActiveCfg = Release|Any CPU
		{B2A5BB08-0ACB-79AD-9568-48A5D82A8FB5}.Release|Any CPU.Build.0 = Release|Any CPU
		{42A05362-59D5-897A-4944-B409B83CA519}.Debug|Any CPU.ActiveCfg = Debug|Any CPU
		{42A05362-59D5-897A-4944-B409B83CA519}.Debug|Any CPU.Build.0 = Debug|Any CPU
		{42A05362-59D5-897A-4944-B409B83CA519}.Release|Any CPU.ActiveCfg = Release|Any CPU
		{42A05362-59D5-897A-4944-B409B83CA519}.Release|Any CPU.Build.0 = Release|Any CPU
		{77DCF572-3F24-7562-1743-94F62DD5770B}.Debug|Any CPU.ActiveCfg = Debug|Any CPU
		{77DCF572-3F24-7562-1743-94F62DD5770B}.Debug|Any CPU.Build.0 = Debug|Any CPU
		{77DCF572-3F24-7562-1743-94F62DD5770B}.Release|Any CPU.ActiveCfg = Release|Any CPU
		{77DCF572-3F24-7562-1743-94F62DD5770B}.Release|Any CPU.Build.0 = Release|Any CPU
		{FAB0F744-3C64-0F65-B627-61D162BC650C}.Debug|Any CPU.ActiveCfg = Debug|Any CPU
		{FAB0F744-3C64-0F65-B627-61D162BC650C}.Debug|Any CPU.Build.0 = Debug|Any CPU
		{FAB0F744-3C64-0F65-B627-61D162BC650C}.Release|Any CPU.ActiveCfg = Release|Any CPU
		{FAB0F744-3C64-0F65-B627-61D162BC650C}.Release|Any CPU.Build.0 = Release|Any CPU
		{C4880D4E-28DE-9E0A-FB9B-1B41400B6C6F}.Debug|Any CPU.ActiveCfg = Debug|Any CPU
		{C4880D4E-28DE-9E0A-FB9B-1B41400B6C6F}.Debug|Any CPU.Build.0 = Debug|Any CPU
		{C4880D4E-28DE-9E0A-FB9B-1B41400B6C6F}.Release|Any CPU.ActiveCfg = Release|Any CPU
		{C4880D4E-28DE-9E0A-FB9B-1B41400B6C6F}.Release|Any CPU.Build.0 = Release|Any CPU
		{C5884BE9-20A6-7279-B80A-471FE9029933}.Debug|Any CPU.ActiveCfg = Debug|Any CPU
		{C5884BE9-20A6-7279-B80A-471FE9029933}.Debug|Any CPU.Build.0 = Debug|Any CPU
		{C5884BE9-20A6-7279-B80A-471FE9029933}.Release|Any CPU.ActiveCfg = Release|Any CPU
		{C5884BE9-20A6-7279-B80A-471FE9029933}.Release|Any CPU.Build.0 = Release|Any CPU
		{A34F82F0-4524-EFE7-2526-F033446BC74C}.Debug|Any CPU.ActiveCfg = Debug|Any CPU
		{A34F82F0-4524-EFE7-2526-F033446BC74C}.Debug|Any CPU.Build.0 = Debug|Any CPU
		{A34F82F0-4524-EFE7-2526-F033446BC74C}.Release|Any CPU.ActiveCfg = Release|Any CPU
		{A34F82F0-4524-EFE7-2526-F033446BC74C}.Release|Any CPU.Build.0 = Release|Any CPU
		{6E6A68CA-EB0E-BFB2-E939-88085C4BC319}.Debug|Any CPU.ActiveCfg = Debug|Any CPU
		{6E6A68CA-EB0E-BFB2-E939-88085C4BC319}.Debug|Any CPU.Build.0 = Debug|Any CPU
		{6E6A68CA-EB0E-BFB2-E939-88085C4BC319}.Release|Any CPU.ActiveCfg = Release|Any CPU
		{6E6A68CA-EB0E-BFB2-E939-88085C4BC319}.Release|Any CPU.Build.0 = Release|Any CPU
		{4648B170-A92A-8DF1-21CC-B934A65D00D8}.Debug|Any CPU.ActiveCfg = Debug|Any CPU
		{4648B170-A92A-8DF1-21CC-B934A65D00D8}.Debug|Any CPU.Build.0 = Debug|Any CPU
		{4648B170-A92A-8DF1-21CC-B934A65D00D8}.Release|Any CPU.ActiveCfg = Release|Any CPU
		{4648B170-A92A-8DF1-21CC-B934A65D00D8}.Release|Any CPU.Build.0 = Release|Any CPU
		{1585C9F8-8FE8-F281-4E38-C9240FF5DCD2}.Debug|Any CPU.ActiveCfg = Debug|Any CPU
		{1585C9F8-8FE8-F281-4E38-C9240FF5DCD2}.Debug|Any CPU.Build.0 = Debug|Any CPU
		{1585C9F8-8FE8-F281-4E38-C9240FF5DCD2}.Release|Any CPU.ActiveCfg = Release|Any CPU
		{1585C9F8-8FE8-F281-4E38-C9240FF5DCD2}.Release|Any CPU.Build.0 = Release|Any CPU
		{289DC528-AE8E-67B8-189D-627EEAE64085}.Debug|Any CPU.ActiveCfg = Debug|Any CPU
		{289DC528-AE8E-67B8-189D-627EEAE64085}.Debug|Any CPU.Build.0 = Debug|Any CPU
		{289DC528-AE8E-67B8-189D-627EEAE64085}.Release|Any CPU.ActiveCfg = Release|Any CPU
		{289DC528-AE8E-67B8-189D-627EEAE64085}.Release|Any CPU.Build.0 = Release|Any CPU
		{54104BC2-4C10-6A68-AB60-F34F8C52AE53}.Debug|Any CPU.ActiveCfg = Debug|Any CPU
		{54104BC2-4C10-6A68-AB60-F34F8C52AE53}.Debug|Any CPU.Build.0 = Debug|Any CPU
		{54104BC2-4C10-6A68-AB60-F34F8C52AE53}.Release|Any CPU.ActiveCfg = Release|Any CPU
		{54104BC2-4C10-6A68-AB60-F34F8C52AE53}.Release|Any CPU.Build.0 = Release|Any CPU
		{E25B2D82-488E-ABB3-FDC3-846D3955055B}.Debug|Any CPU.ActiveCfg = Debug|Any CPU
		{E25B2D82-488E-ABB3-FDC3-846D3955055B}.Debug|Any CPU.Build.0 = Debug|Any CPU
		{E25B2D82-488E-ABB3-FDC3-846D3955055B}.Release|Any CPU.ActiveCfg = Release|Any CPU
		{E25B2D82-488E-ABB3-FDC3-846D3955055B}.Release|Any CPU.Build.0 = Release|Any CPU
		{82EBCC6E-843E-56A0-B8D0-BEAAC2B9AA07}.Debug|Any CPU.ActiveCfg = Debug|Any CPU
		{82EBCC6E-843E-56A0-B8D0-BEAAC2B9AA07}.Debug|Any CPU.Build.0 = Debug|Any CPU
		{82EBCC6E-843E-56A0-B8D0-BEAAC2B9AA07}.Release|Any CPU.ActiveCfg = Release|Any CPU
		{82EBCC6E-843E-56A0-B8D0-BEAAC2B9AA07}.Release|Any CPU.Build.0 = Release|Any CPU
		{BD6FE24F-2EB1-E368-2F40-A2CA243EC89C}.Debug|Any CPU.ActiveCfg = Debug|Any CPU
		{BD6FE24F-2EB1-E368-2F40-A2CA243EC89C}.Debug|Any CPU.Build.0 = Debug|Any CPU
		{BD6FE24F-2EB1-E368-2F40-A2CA243EC89C}.Release|Any CPU.ActiveCfg = Release|Any CPU
		{BD6FE24F-2EB1-E368-2F40-A2CA243EC89C}.Release|Any CPU.Build.0 = Release|Any CPU
		{F607F140-85C8-5081-32E1-61A918DD3369}.Debug|Any CPU.ActiveCfg = Debug|Any CPU
		{F607F140-85C8-5081-32E1-61A918DD3369}.Debug|Any CPU.Build.0 = Debug|Any CPU
		{F607F140-85C8-5081-32E1-61A918DD3369}.Release|Any CPU.ActiveCfg = Release|Any CPU
		{F607F140-85C8-5081-32E1-61A918DD3369}.Release|Any CPU.Build.0 = Release|Any CPU
		{2E251679-8D83-427E-3CAD-1333010C15D9}.Debug|Any CPU.ActiveCfg = Debug|Any CPU
		{2E251679-8D83-427E-3CAD-1333010C15D9}.Debug|Any CPU.Build.0 = Debug|Any CPU
		{2E251679-8D83-427E-3CAD-1333010C15D9}.Release|Any CPU.ActiveCfg = Release|Any CPU
		{2E251679-8D83-427E-3CAD-1333010C15D9}.Release|Any CPU.Build.0 = Release|Any CPU
		{4158E254-D3F0-7555-ED7D-45F5B2954849}.Debug|Any CPU.ActiveCfg = Debug|Any CPU
		{4158E254-D3F0-7555-ED7D-45F5B2954849}.Debug|Any CPU.Build.0 = Debug|Any CPU
		{4158E254-D3F0-7555-ED7D-45F5B2954849}.Release|Any CPU.ActiveCfg = Release|Any CPU
		{4158E254-D3F0-7555-ED7D-45F5B2954849}.Release|Any CPU.Build.0 = Release|Any CPU
	EndGlobalSection
	GlobalSection(SolutionProperties) = preSolution
		HideSolutionNode = FALSE
	EndGlobalSection
EndGlobal
